
Microsoft Visual Studio Solution File, Format Version 12.00
# Visual Studio 2015
Project("{FAE04EC0-301F-11D3-BF4B-00C04F79EFBC}") = "HoloCustomVision", "HoloCustomVision.csproj", "{F146EDBA-52D8-F28B-2216-BDE58F703973}"
EndProject
Project("{FAE04EC0-301F-11D3-BF4B-00C04F79EFBC}") = "HoloCustomVision.Editor", "HoloCustomVision.Editor.csproj", "{81ACF991-5717-A667-6C1C-F7D16C33297F}"
EndProject
Global
	GlobalSection(SolutionConfigurationPlatforms) = preSolution
		Debug|Any CPU = Debug|Any CPU
		Release|Any CPU = Release|Any CPU
	EndGlobalSection
	GlobalSection(ProjectConfigurationPlatforms) = postSolution
		{F146EDBA-52D8-F28B-2216-BDE58F703973}.Debug|Any CPU.ActiveCfg = Debug|Any CPU
		{F146EDBA-52D8-F28B-2216-BDE58F703973}.Debug|Any CPU.Build.0 = Debug|Any CPU
		{F146EDBA-52D8-F28B-2216-BDE58F703973}.Release|Any CPU.ActiveCfg = Release|Any CPU
		{F146EDBA-52D8-F28B-2216-BDE58F703973}.Release|Any CPU.Build.0 = Release|Any CPU
		{81ACF991-5717-A667-6C1C-F7D16C33297F}.Debug|Any CPU.ActiveCfg = Debug|Any CPU
		{81ACF991-5717-A667-6C1C-F7D16C33297F}.Debug|Any CPU.Build.0 = Debug|Any CPU
		{81ACF991-5717-A667-6C1C-F7D16C33297F}.Release|Any CPU.ActiveCfg = Release|Any CPU
		{81ACF991-5717-A667-6C1C-F7D16C33297F}.Release|Any CPU.Build.0 = Release|Any CPU
	EndGlobalSection
	GlobalSection(SolutionProperties) = preSolution
		HideSolutionNode = FALSE
	EndGlobalSection
EndGlobal
